
Microsoft Visual Studio Solution File, Format Version 12.00
# Visual Studio Version 17
VisualStudioVersion = 17.8.34309.116
MinimumVisualStudioVersion = 10.0.40219.1
Project("{FAE04EC0-301F-11D3-BF4B-00C04F79EFBC}") = "I8Beef.ACInfinity", "I8Beef.ACInfinity\I8Beef.ACInfinity.csproj", "{7101CEFB-81B2-4920-BE40-35F576E98206}"
EndProject
Global
	GlobalSection(SolutionConfigurationPlatforms) = preSolution
		Debug|Any CPU = Debug|Any CPU
		Release|Any CPU = Release|Any CPU
	EndGlobalSection
	GlobalSection(ProjectConfigurationPlatforms) = postSolution
		{7101CEFB-81B2-4920-BE40-35F576E98206}.Debug|Any CPU.ActiveCfg = Debug|Any CPU
		{7101CEFB-81B2-4920-BE40-35F576E98206}.Debug|Any CPU.Build.0 = Debug|Any CPU
		{7101CEFB-81B2-4920-BE40-35F576E98206}.Release|Any CPU.ActiveCfg = Release|Any CPU
		{7101CEFB-81B2-4920-BE40-35F576E98206}.Release|Any CPU.Build.0 = Release|Any CPU
	EndGlobalSection
	GlobalSection(SolutionProperties) = preSolution
		HideSolutionNode = FALSE
	EndGlobalSection
	GlobalSection(ExtensibilityGlobals) = postSolution
		SolutionGuid = {B299D1A8-76B7-48A0-8E05-FA4B878CF371}
	EndGlobalSection
EndGlobal
